{
  "version": 4,
  "terraform_version": "1.13.3",
  "serial": 64,
  "lineage": "ad3fc136-44c2-ad17-6c0c-f9bf480f1bc8",
  "outputs": {
    "alb_dns_name": {
      "value": "video-processor-alb-560790586.us-east-1.elb.amazonaws.com",
      "type": "string"
    },
    "cluster_name": {
      "value": "video-processor-cluster",
      "type": "string"
    },
    "instructions": {
      "value": "\r\n✅ CLUSTER EKS CRIADO!\r\n\r\nPara configurar:\r\naws eks update-kubeconfig --name video-processor-cluster --region us-east-1\r\n\r\nPara verificar:\r\nkubectl get nodes\r\nkubectl get pods -n video-processor\r\nkubectl get svc -n video-processor\r\n\r\nURL da aplicação estará disponível no LoadBalancer.\r\n\r\n",
      "type": "string"
    },
    "selected_subnets": {
      "value": [
        "subnet-0128a65db570e232b",
        "subnet-00793d8c5d91d3382"
      ],
      "type": [
        "tuple",
        [
          "string",
          "string"
        ]
      ]
    }
  },
  "resources": [
    {
      "mode": "data",
      "type": "aws_caller_identity",
      "name": "current",
      "provider": "provider[\"registry.terraform.io/hashicorp/aws\"]",
      "instances": [
        {
          "schema_version": 0,
          "attributes": {
            "account_id": "294277043425",
            "arn": "arn:aws:sts::294277043425:assumed-role/voclabs/user4065409=leyner_henrique@hotmail.com.br",
            "id": "294277043425",
            "user_id": "AROAUJBCHKTQSDSFNJPBZ:user4065409=leyner_henrique@hotmail.com.br"
          },
          "sensitive_attributes": [],
          "identity_schema_version": 0
        }
      ]
    },
    {
      "mode": "data",
      "type": "aws_eks_cluster_auth",
      "name": "cluster_auth",
      "provider": "provider[\"registry.terraform.io/hashicorp/aws\"]",
      "instances": [
        {
          "schema_version": 0,
          "attributes": {
            "id": "video-processor-cluster",
            "name": "video-processor-cluster",
            "token": "k8s-aws-v1.aHR0cHM6Ly9zdHMudXMtZWFzdC0xLmFtYXpvbmF3cy5jb20vP0FjdGlvbj1HZXRDYWxsZXJJZGVudGl0eSZWZXJzaW9uPTIwMTEtMDYtMTUmWC1BbXotQWxnb3JpdGhtPUFXUzQtSE1BQy1TSEEyNTYmWC1BbXotQ3JlZGVudGlhbD1BU0lBVUpCQ0hLVFEzVDJDWDVRNiUyRjIwMjYwMjAxJTJGdXMtZWFzdC0xJTJGc3RzJTJGYXdzNF9yZXF1ZXN0JlgtQW16LURhdGU9MjAyNjAyMDFUMDEyNTEzWiZYLUFtei1FeHBpcmVzPTAmWC1BbXotU2VjdXJpdHktVG9rZW49SVFvSmIzSnBaMmx1WDJWakVQaiUyRiUyRiUyRiUyRiUyRiUyRiUyRiUyRiUyRiUyRndFYUNYVnpMWGRsYzNRdE1pSkhNRVVDSUVQeXM4c3lENEU4cXRQTDdvbWd4MG5TWFJ2Q1pWJTJCUm9LM0VrM1NJcHYyc0FpRUE2WjBhZUYyV092eFZraVA5S1JMTHAzS0NPWUJ5YUxGR1clMkZ6ZGlkVzlPcHNxd1FJSXdmJTJGJTJGJTJGJTJGJTJGJTJGJTJGJTJGJTJGJTJGQVJBQkdnd3lPVFF5Tnpjd05ETTBNalVpREtWSDExbWZaTjVOOFRVM0RDcVZBc1dyeG1WWkpCMTJJNVFIQWlWbTVSQUNTVmN4cUlqelNnNHZIMTY1eSUyQmZEcjBxNEk5TXZkQ0o2QzB0SE1PQ1FTNVdGRzZmNmJHTjQ4ejRRZ2VtS3JTSHNIWW5nWlhBS0JRSEc5SkhvVFo2UmttNEM4JTJCSFZyMDBYeCUyQk13QVZ5QlpVRDRqcWxCQ040ZGtMeWwyanZScXpnbFNPQTZQbiUyQlViRFVMWW1rcyUyRjBCTmhGeVcwYVBYc1VUNElmYmpUaEh6aTR6SWhNQVlKb0JFYUtZZ1pyRlhOT1UxZmk2WkppOEp1akxWRVllMHVDQ3d2JTJCalRhWHJRa1lqTjl2OXp0bXh6aklYZ2h0SUNkQTdYc3hnd1loNCUyQm4lMkJuR3hjcnoxV000dkRBQmtZM29QUzMzSXBtR1hoV1A2NW4wJTJCVHo2Nkd6VyUyQmdkd2o4cUtoZUIxN04xWVhHREE5NkRIVDlWUHRvc056dDE4cVZGcWpQM0RNZzRmViUyRmd3M0tqNnl3WTZuUUhwUHNpZzJldzNNR1ZzTEQlMkZWcFhibXZtVElXS1FSNmkxR1IlMkJFSEc3RjIwTVpialNJcmluTUZDQkhKNzFwaHM1aTEyZWNhakM5MlNFJTJCMG1vc2ZiYmtaMHFuRWtlJTJGOXU1S3lXUG9tNFRaYSUyRjNacElnamxYYnYlMkZVaGRObGlBdTJkd3oyYmRmJTJCTGl3R3luTXphQ09Yc0xVdWxjTHFwdzBzSGZHQVl3TGR6UElaaTVmV2libDA4eXFQb3A2WGhVaUhqNWZjdEtDeHhBOFlkWjBKWTRtJlgtQW16LVNpZ25lZEhlYWRlcnM9aG9zdCUzQngtazhzLWF3cy1pZCZYLUFtei1TaWduYXR1cmU9M2M0OTIyOWNmNjY3YmU0NzcwZTIyMWJmODE2YWIzMGQwMzgxMDA1ZTlmYmNiMWY0ZjIxZDdlNjQ3ZWUxMjZkMQ"
          },
          "sensitive_attributes": [
            [
              {
                "type": "get_attr",
                "value": "token"
              }
            ]
          ],
          "identity_schema_version": 0
        }
      ]
    },
    {
      "mode": "data",
      "type": "aws_subnet",
      "name": "details",
      "provider": "provider[\"registry.terraform.io/hashicorp/aws\"]",
      "instances": [
        {
          "index_key": "subnet-00793d8c5d91d3382",
          "schema_version": 0,
          "attributes": {
            "arn": "arn:aws:ec2:us-east-1:294277043425:subnet/subnet-00793d8c5d91d3382",
            "assign_ipv6_address_on_creation": false,
            "availability_zone": "us-east-1c",
            "availability_zone_id": "use1-az2",
            "available_ip_address_count": 4088,
            "cidr_block": "172.31.80.0/20",
            "customer_owned_ipv4_pool": "",
            "default_for_az": true,
            "enable_dns64": false,
            "enable_lni_at_device_index": 0,
            "enable_resource_name_dns_a_record_on_launch": false,
            "enable_resource_name_dns_aaaa_record_on_launch": false,
            "filter": null,
            "id": "subnet-00793d8c5d91d3382",
            "ipv6_cidr_block": "",
            "ipv6_cidr_block_association_id": "",
            "ipv6_native": false,
            "map_customer_owned_ip_on_launch": false,
            "map_public_ip_on_launch": true,
            "outpost_arn": "",
            "owner_id": "294277043425",
            "private_dns_hostname_type_on_launch": "ip-name",
            "state": "available",
            "tags": {},
            "timeouts": null,
            "vpc_id": "vpc-0d35c3426445fd4e7"
          },
          "sensitive_attributes": [],
          "identity_schema_version": 0
        },
        {
          "index_key": "subnet-0128a65db570e232b",
          "schema_version": 0,
          "attributes": {
            "arn": "arn:aws:ec2:us-east-1:294277043425:subnet/subnet-0128a65db570e232b",
            "assign_ipv6_address_on_creation": false,
            "availability_zone": "us-east-1f",
            "availability_zone_id": "use1-az5",
            "available_ip_address_count": 4087,
            "cidr_block": "172.31.64.0/20",
            "customer_owned_ipv4_pool": "",
            "default_for_az": true,
            "enable_dns64": false,
            "enable_lni_at_device_index": 0,
            "enable_resource_name_dns_a_record_on_launch": false,
            "enable_resource_name_dns_aaaa_record_on_launch": false,
            "filter": null,
            "id": "subnet-0128a65db570e232b",
            "ipv6_cidr_block": "",
            "ipv6_cidr_block_association_id": "",
            "ipv6_native": false,
            "map_customer_owned_ip_on_launch": false,
            "map_public_ip_on_launch": true,
            "outpost_arn": "",
            "owner_id": "294277043425",
            "private_dns_hostname_type_on_launch": "ip-name",
            "state": "available",
            "tags": {},
            "timeouts": null,
            "vpc_id": "vpc-0d35c3426445fd4e7"
          },
          "sensitive_attributes": [],
          "identity_schema_version": 0
        },
        {
          "index_key": "subnet-06f17070096b56c36",
          "schema_version": 0,
          "attributes": {
            "arn": "arn:aws:ec2:us-east-1:294277043425:subnet/subnet-06f17070096b56c36",
            "assign_ipv6_address_on_creation": false,
            "availability_zone": "us-east-1e",
            "availability_zone_id": "use1-az3",
            "available_ip_address_count": 4091,
            "cidr_block": "172.31.48.0/20",
            "customer_owned_ipv4_pool": "",
            "default_for_az": true,
            "enable_dns64": false,
            "enable_lni_at_device_index": 0,
            "enable_resource_name_dns_a_record_on_launch": false,
            "enable_resource_name_dns_aaaa_record_on_launch": false,
            "filter": null,
            "id": "subnet-06f17070096b56c36",
            "ipv6_cidr_block": "",
            "ipv6_cidr_block_association_id": "",
            "ipv6_native": false,
            "map_customer_owned_ip_on_launch": false,
            "map_public_ip_on_launch": true,
            "outpost_arn": "",
            "owner_id": "294277043425",
            "private_dns_hostname_type_on_launch": "ip-name",
            "state": "available",
            "tags": {},
            "timeouts": null,
            "vpc_id": "vpc-0d35c3426445fd4e7"
          },
          "sensitive_attributes": [],
          "identity_schema_version": 0
        },
        {
          "index_key": "subnet-08a0f5a61e5145a72",
          "schema_version": 0,
          "attributes": {
            "arn": "arn:aws:ec2:us-east-1:294277043425:subnet/subnet-08a0f5a61e5145a72",
            "assign_ipv6_address_on_creation": false,
            "availability_zone": "us-east-1a",
            "availability_zone_id": "use1-az6",
            "available_ip_address_count": 4091,
            "cidr_block": "172.31.32.0/20",
            "customer_owned_ipv4_pool": "",
            "default_for_az": true,
            "enable_dns64": false,
            "enable_lni_at_device_index": 0,
            "enable_resource_name_dns_a_record_on_launch": false,
            "enable_resource_name_dns_aaaa_record_on_launch": false,
            "filter": null,
            "id": "subnet-08a0f5a61e5145a72",
            "ipv6_cidr_block": "",
            "ipv6_cidr_block_association_id": "",
            "ipv6_native": false,
            "map_customer_owned_ip_on_launch": false,
            "map_public_ip_on_launch": true,
            "outpost_arn": "",
            "owner_id": "294277043425",
            "private_dns_hostname_type_on_launch": "ip-name",
            "state": "available",
            "tags": {},
            "timeouts": null,
            "vpc_id": "vpc-0d35c3426445fd4e7"
          },
          "sensitive_attributes": [],
          "identity_schema_version": 0
        },
        {
          "index_key": "subnet-08f23e428000ab0df",
          "schema_version": 0,
          "attributes": {
            "arn": "arn:aws:ec2:us-east-1:294277043425:subnet/subnet-08f23e428000ab0df",
            "assign_ipv6_address_on_creation": false,
            "availability_zone": "us-east-1b",
            "availability_zone_id": "use1-az1",
            "available_ip_address_count": 4090,
            "cidr_block": "172.31.0.0/20",
            "customer_owned_ipv4_pool": "",
            "default_for_az": true,
            "enable_dns64": false,
            "enable_lni_at_device_index": 0,
            "enable_resource_name_dns_a_record_on_launch": false,
            "enable_resource_name_dns_aaaa_record_on_launch": false,
            "filter": null,
            "id": "subnet-08f23e428000ab0df",
            "ipv6_cidr_block": "",
            "ipv6_cidr_block_association_id": "",
            "ipv6_native": false,
            "map_customer_owned_ip_on_launch": false,
            "map_public_ip_on_launch": true,
            "outpost_arn": "",
            "owner_id": "294277043425",
            "private_dns_hostname_type_on_launch": "ip-name",
            "state": "available",
            "tags": {},
            "timeouts": null,
            "vpc_id": "vpc-0d35c3426445fd4e7"
          },
          "sensitive_attributes": [],
          "identity_schema_version": 0
        },
        {
          "index_key": "subnet-0a88b315702d732d7",
          "schema_version": 0,
          "attributes": {
            "arn": "arn:aws:ec2:us-east-1:294277043425:subnet/subnet-0a88b315702d732d7",
            "assign_ipv6_address_on_creation": false,
            "availability_zone": "us-east-1d",
            "availability_zone_id": "use1-az4",
            "available_ip_address_count": 4091,
            "cidr_block": "172.31.16.0/20",
            "customer_owned_ipv4_pool": "",
            "default_for_az": true,
            "enable_dns64": false,
            "enable_lni_at_device_index": 0,
            "enable_resource_name_dns_a_record_on_launch": false,
            "enable_resource_name_dns_aaaa_record_on_launch": false,
            "filter": null,
            "id": "subnet-0a88b315702d732d7",
            "ipv6_cidr_block": "",
            "ipv6_cidr_block_association_id": "",
            "ipv6_native": false,
            "map_customer_owned_ip_on_launch": false,
            "map_public_ip_on_launch": true,
            "outpost_arn": "",
            "owner_id": "294277043425",
            "private_dns_hostname_type_on_launch": "ip-name",
            "state": "available",
            "tags": {},
            "timeouts": null,
            "vpc_id": "vpc-0d35c3426445fd4e7"
          },
          "sensitive_attributes": [],
          "identity_schema_version": 0
        }
      ]
    },
    {
      "mode": "data",
      "type": "aws_subnets",
      "name": "all",
      "provider": "provider[\"registry.terraform.io/hashicorp/aws\"]",
      "instances": [
        {
          "schema_version": 0,
          "attributes": {
            "filter": [
              {
                "name": "vpc-id",
                "values": [
                  "vpc-0d35c3426445fd4e7"
                ]
              }
            ],
            "id": "us-east-1",
            "ids": [
              "subnet-0128a65db570e232b",
              "subnet-00793d8c5d91d3382",
              "subnet-06f17070096b56c36",
              "subnet-08f23e428000ab0df",
              "subnet-0a88b315702d732d7",
              "subnet-08a0f5a61e5145a72"
            ],
            "tags": null,
            "timeouts": null
          },
          "sensitive_attributes": [],
          "identity_schema_version": 0
        }
      ]
    },
    {
      "mode": "data",
      "type": "aws_vpc",
      "name": "default",
      "provider": "provider[\"registry.terraform.io/hashicorp/aws\"]",
      "instances": [
        {
          "schema_version": 0,
          "attributes": {
            "arn": "arn:aws:ec2:us-east-1:294277043425:vpc/vpc-0d35c3426445fd4e7",
            "cidr_block": "172.31.0.0/16",
            "cidr_block_associations": [
              {
                "association_id": "vpc-cidr-assoc-0ce44b2e5f2bd4b66",
                "cidr_block": "172.31.0.0/16",
                "state": "associated"
              }
            ],
            "default": true,
            "dhcp_options_id": "dopt-06ebdbb14cf373c6b",
            "enable_dns_hostnames": true,
            "enable_dns_support": true,
            "enable_network_address_usage_metrics": false,
            "filter": null,
            "id": "vpc-0d35c3426445fd4e7",
            "instance_tenancy": "default",
            "ipv6_association_id": "",
            "ipv6_cidr_block": "",
            "main_route_table_id": "rtb-0d98a1df7436876e3",
            "owner_id": "294277043425",
            "state": null,
            "tags": {},
            "timeouts": null
          },
          "sensitive_attributes": [],
          "identity_schema_version": 0
        }
      ]
    },
    {
      "mode": "managed",
      "type": "aws_autoscaling_attachment",
      "name": "eks_nodes_to_tg",
      "provider": "provider[\"registry.terraform.io/hashicorp/aws\"]",
      "instances": [
        {
          "schema_version": 0,
          "attributes": {
            "autoscaling_group_name": "eks-video-processor-ng-d8ce0b66-db59-0943-e4b8-86ba2a57ae95",
            "elb": null,
            "id": "eks-video-processor-ng-d8ce0b66-db59-0943-e4b8-86ba2a57ae95-20260201012703839300000002",
            "lb_target_group_arn": "arn:aws:elasticloadbalancing:us-east-1:294277043425:targetgroup/video-processor-tg/bf10d4b4d56f312e"
          },
          "sensitive_attributes": [],
          "identity_schema_version": 0,
          "private": "bnVsbA==",
          "dependencies": [
            "aws_eks_cluster.main",
            "aws_eks_node_group.main",
            "aws_lb_target_group.app_tg",
            "aws_security_group.alb_sg",
            "aws_security_group.eks_cluster",
            "data.aws_caller_identity.current",
            "data.aws_subnet.details",
            "data.aws_subnets.all",
            "data.aws_vpc.default"
          ]
        }
      ]
    },
    {
      "mode": "managed",
      "type": "aws_eks_cluster",
      "name": "main",
      "provider": "provider[\"registry.terraform.io/hashicorp/aws\"]",
      "instances": [
        {
          "schema_version": 1,
          "attributes": {
            "access_config": [
              {
                "authentication_mode": "CONFIG_MAP",
                "bootstrap_cluster_creator_admin_permissions": true
              }
            ],
            "arn": "arn:aws:eks:us-east-1:294277043425:cluster/video-processor-cluster",
            "bootstrap_self_managed_addons": true,
            "certificate_authority": [
              {
                "data": "LS0tLS1CRUdJTiBDRVJUSUZJQ0FURS0tLS0tCk1JSURCVENDQWUyZ0F3SUJBZ0lJSWxTZkNsV3cxZFF3RFFZSktvWklodmNOQVFFTEJRQXdGVEVUTUJFR0ExVUUKQXhNS2EzVmlaWEp1WlhSbGN6QWVGdzB5TmpBeU1ERXdNVEUyTVROYUZ3MHpOakF4TXpBd01USXhNVE5hTUJVeApFekFSQmdOVkJBTVRDbXQxWW1WeWJtVjBaWE13Z2dFaU1BMEdDU3FHU0liM0RRRUJBUVVBQTRJQkR3QXdnZ0VLCkFvSUJBUUM5UFJ3RG90TmdrMFFkalhUMm8rZFY5YjQrQmlHb3R4NEpuL1cwQTJPb2ZLV3V1ZksyeU5uV0Z6OFcKNVNHeUlCOCtDQ05FUHhkdFEwd3ppTUo4QWxyT1BINFZuVW56cWE4bDlDc0EwdVRlTS9EM0J0bjZmZjRVZVl1cQpqZy95TEZJUExMVGhsaFlXeCtYQlY4SWFwRFVIaGZTMnpMSWRkcVl6WmlZc0svQk42OVdSbW9weGN5WUs4ZkZkCkJKYTFYR3BDVC9HUEVZbmFtZ0Q2UTJHazE2Q01VTDR6ZlA2UU5UTXNrc2t4VHBnUDNIQ0crYUZXOEh0TVpQQUkKZjN0eGdueE5EMjdXQ2xvbWRJMHltbWppeDlrMGNIN0ZzMy9kU3prNkFaR0t0N3F6aGlYUnRzdXBwekMwRWZxNApXWGNoQ3BiT004RlZCMy9tVWZyWHBaR3E2MlNWQWdNQkFBR2pXVEJYTUE0R0ExVWREd0VCL3dRRUF3SUNwREFQCkJnTlZIUk1CQWY4RUJUQURBUUgvTUIwR0ExVWREZ1FXQkJTRFo3cDFKT0ZicDZSOFBHV2NhOHBWRUNJa1h6QVYKQmdOVkhSRUVEakFNZ2dwcmRXSmxjbTVsZEdWek1BMEdDU3FHU0liM0RRRUJDd1VBQTRJQkFRQVlVREtDQkRxMQo2RStiK0RLc2tsZWttc096dDc5VVhpaHRXZXE0UjZ5WHJiQ1VuVWozNTZiNnNQMDZPNnRVNkp6akdXcyt3RGdlCmpJZ0NkZWtuei93akVjaE13ZFhYK05kekxOenVnWnA3UlNGVW1sbmhBYjhGZEtsdnN0akRpRWhONFBkUUZKSXgKOU5MaXc2RGluOTdRdUFNbTVsQ0RCaGlsTWhhVXJ1Uk1yQ2lzWW1lemNGQy9vSmxSUmdqTnhNN1RVVGxpNVRBMwpvb3BsaHkvZmZRZjVYMlRzbVlFSFQzVURESlVHWTJVMDRFekNrYnIvSHJ2WjlReSt3UmdCeHM3VitFVVZkYlJoCjZGeTUwRHA0WlFodXFGeVlmWXI0aE9PMXVoUkVKUlBIT1JuR2Z4SHFTOTFML3Fqa3A1dUE3QkJQcVRVT3FwNE0KMno4dDIxbGlvUzJICi0tLS0tRU5EIENFUlRJRklDQVRFLS0tLS0K"
              }
            ],
            "cluster_id": null,
            "compute_config": [],
            "created_at": "2026-02-01T01:16:04Z",
            "enabled_cluster_log_types": null,
            "encryption_config": [],
            "endpoint": "https://07EC55962132360C280D45FAA8A402DE.gr7.us-east-1.eks.amazonaws.com",
            "force_update_version": null,
            "id": "video-processor-cluster",
            "identity": [
              {
                "oidc": [
                  {
                    "issuer": "https://oidc.eks.us-east-1.amazonaws.com/id/07EC55962132360C280D45FAA8A402DE"
                  }
                ]
              }
            ],
            "kubernetes_network_config": [
              {
                "elastic_load_balancing": [
                  {
                    "enabled": false
                  }
                ],
                "ip_family": "ipv4",
                "service_ipv4_cidr": "10.100.0.0/16",
                "service_ipv6_cidr": ""
              }
            ],
            "name": "video-processor-cluster",
            "outpost_config": [],
            "platform_version": "eks.13",
            "remote_network_config": [],
            "role_arn": "arn:aws:iam::294277043425:role/LabRole",
            "status": "ACTIVE",
            "storage_config": [],
            "tags": {
              "Project": "video-processor"
            },
            "tags_all": {
              "Project": "video-processor"
            },
            "timeouts": null,
            "upgrade_policy": [
              {
                "support_type": "EXTENDED"
              }
            ],
            "version": "1.34",
            "vpc_config": [
              {
                "cluster_security_group_id": "sg-08d4eb0299c358c80",
                "endpoint_private_access": true,
                "endpoint_public_access": true,
                "public_access_cidrs": [
                  "0.0.0.0/0"
                ],
                "security_group_ids": [
                  "sg-05b5be6c486b2382b"
                ],
                "subnet_ids": [
                  "subnet-00793d8c5d91d3382",
                  "subnet-0128a65db570e232b"
                ],
                "vpc_id": "vpc-0d35c3426445fd4e7"
              }
            ],
            "zonal_shift_config": []
          },
          "sensitive_attributes": [],
          "identity_schema_version": 0,
          "private": "eyJlMmJmYjczMC1lY2FhLTExZTYtOGY4OC0zNDM2M2JjN2M0YzAiOnsiY3JlYXRlIjoxODAwMDAwMDAwMDAwLCJkZWxldGUiOjkwMDAwMDAwMDAwMCwidXBkYXRlIjozNjAwMDAwMDAwMDAwfSwic2NoZW1hX3ZlcnNpb24iOiIxIn0=",
          "dependencies": [
            "aws_security_group.alb_sg",
            "aws_security_group.eks_cluster",
            "data.aws_caller_identity.current",
            "data.aws_subnet.details",
            "data.aws_subnets.all",
            "data.aws_vpc.default"
          ]
        }
      ]
    },
    {
      "mode": "managed",
      "type": "aws_eks_node_group",
      "name": "main",
      "provider": "provider[\"registry.terraform.io/hashicorp/aws\"]",
      "instances": [
        {
          "schema_version": 0,
          "attributes": {
            "ami_type": "AL2023_x86_64_STANDARD",
            "arn": "arn:aws:eks:us-east-1:294277043425:nodegroup/video-processor-cluster/video-processor-ng/d8ce0b66-db59-0943-e4b8-86ba2a57ae95",
            "capacity_type": "ON_DEMAND",
            "cluster_name": "video-processor-cluster",
            "disk_size": 20,
            "force_update_version": null,
            "id": "video-processor-cluster:video-processor-ng",
            "instance_types": [
              "t3.medium"
            ],
            "labels": null,
            "launch_template": [],
            "node_group_name": "video-processor-ng",
            "node_group_name_prefix": "",
            "node_repair_config": [],
            "node_role_arn": "arn:aws:iam::294277043425:role/LabRole",
            "release_version": "1.34.2-20260129",
            "remote_access": [],
            "resources": [
              {
                "autoscaling_groups": [
                  {
                    "name": "eks-video-processor-ng-d8ce0b66-db59-0943-e4b8-86ba2a57ae95"
                  }
                ],
                "remote_access_security_group_id": ""
              }
            ],
            "scaling_config": [
              {
                "desired_size": 1,
                "max_size": 2,
                "min_size": 1
              }
            ],
            "status": "ACTIVE",
            "subnet_ids": [
              "subnet-00793d8c5d91d3382",
              "subnet-0128a65db570e232b"
            ],
            "tags": {
              "Project": "video-processor"
            },
            "tags_all": {
              "Project": "video-processor"
            },
            "taint": [],
            "timeouts": null,
            "update_config": [
              {
                "max_unavailable": 1,
                "max_unavailable_percentage": 0
              }
            ],
            "version": "1.34"
          },
          "sensitive_attributes": [],
          "identity_schema_version": 0,
          "private": "eyJlMmJmYjczMC1lY2FhLTExZTYtOGY4OC0zNDM2M2JjN2M0YzAiOnsiY3JlYXRlIjozNjAwMDAwMDAwMDAwLCJkZWxldGUiOjM2MDAwMDAwMDAwMDAsInVwZGF0ZSI6MzYwMDAwMDAwMDAwMH19",
          "dependencies": [
            "aws_eks_cluster.main",
            "aws_security_group.alb_sg",
            "aws_security_group.eks_cluster",
            "data.aws_caller_identity.current",
            "data.aws_subnet.details",
            "data.aws_subnets.all",
            "data.aws_vpc.default"
          ]
        }
      ]
    },
    {
      "mode": "managed",
      "type": "aws_lb",
      "name": "app_alb",
      "provider": "provider[\"registry.terraform.io/hashicorp/aws\"]",
      "instances": [
        {
          "schema_version": 0,
          "attributes": {
            "access_logs": [
              {
                "bucket": "",
                "enabled": false,
                "prefix": ""
              }
            ],
            "arn": "arn:aws:elasticloadbalancing:us-east-1:294277043425:loadbalancer/app/video-processor-alb/6e19d777870e8191",
            "arn_suffix": "app/video-processor-alb/6e19d777870e8191",
            "client_keep_alive": 3600,
            "connection_logs": [
              {
                "bucket": "",
                "enabled": false,
                "prefix": ""
              }
            ],
            "customer_owned_ipv4_pool": "",
            "desync_mitigation_mode": "defensive",
            "dns_name": "video-processor-alb-560790586.us-east-1.elb.amazonaws.com",
            "dns_record_client_routing_policy": null,
            "drop_invalid_header_fields": false,
            "enable_cross_zone_load_balancing": true,
            "enable_deletion_protection": false,
            "enable_http2": true,
            "enable_tls_version_and_cipher_suite_headers": false,
            "enable_waf_fail_open": false,
            "enable_xff_client_port": false,
            "enable_zonal_shift": false,
            "enforce_security_group_inbound_rules_on_private_link_traffic": "",
            "id": "arn:aws:elasticloadbalancing:us-east-1:294277043425:loadbalancer/app/video-processor-alb/6e19d777870e8191",
            "idle_timeout": 60,
            "internal": false,
            "ip_address_type": "ipv4",
            "ipam_pools": [],
            "load_balancer_type": "application",
            "minimum_load_balancer_capacity": [],
            "name": "video-processor-alb",
            "name_prefix": "",
            "preserve_host_header": false,
            "security_groups": [
              "sg-0474c53890f1b6502"
            ],
            "subnet_mapping": [
              {
                "allocation_id": "",
                "ipv6_address": "",
                "outpost_id": "",
                "private_ipv4_address": "",
                "subnet_id": "subnet-00793d8c5d91d3382"
              },
              {
                "allocation_id": "",
                "ipv6_address": "",
                "outpost_id": "",
                "private_ipv4_address": "",
                "subnet_id": "subnet-0128a65db570e232b"
              }
            ],
            "subnets": [
              "subnet-00793d8c5d91d3382",
              "subnet-0128a65db570e232b"
            ],
            "tags": {
              "Project": "video-processor"
            },
            "tags_all": {
              "Project": "video-processor"
            },
            "timeouts": null,
            "vpc_id": "vpc-0d35c3426445fd4e7",
            "xff_header_processing_mode": "append",
            "zone_id": "Z35SXDOTRQ7X7K"
          },
          "sensitive_attributes": [],
          "identity_schema_version": 0,
          "private": "eyJlMmJmYjczMC1lY2FhLTExZTYtOGY4OC0zNDM2M2JjN2M0YzAiOnsiY3JlYXRlIjo2MDAwMDAwMDAwMDAsImRlbGV0ZSI6NjAwMDAwMDAwMDAwLCJ1cGRhdGUiOjYwMDAwMDAwMDAwMH19",
          "dependencies": [
            "aws_security_group.alb_sg",
            "data.aws_subnet.details",
            "data.aws_subnets.all",
            "data.aws_vpc.default"
          ]
        }
      ]
    },
    {
      "mode": "managed",
      "type": "aws_lb_listener",
      "name": "http",
      "provider": "provider[\"registry.terraform.io/hashicorp/aws\"]",
      "instances": [
        {
          "schema_version": 0,
          "attributes": {
            "alpn_policy": null,
            "arn": "arn:aws:elasticloadbalancing:us-east-1:294277043425:listener/app/video-processor-alb/6e19d777870e8191/97d9f764b423da3a",
            "certificate_arn": null,
            "default_action": [
              {
                "authenticate_cognito": [],
                "authenticate_oidc": [],
                "fixed_response": [
                  {
                    "content_type": "text/plain",
                    "message_body": "Acesso Direto Negado. Use o API Gateway.",
                    "status_code": "403"
                  }
                ],
                "forward": [],
                "order": 1,
                "redirect": [],
                "target_group_arn": "",
                "type": "fixed-response"
              }
            ],
            "id": "arn:aws:elasticloadbalancing:us-east-1:294277043425:listener/app/video-processor-alb/6e19d777870e8191/97d9f764b423da3a",
            "load_balancer_arn": "arn:aws:elasticloadbalancing:us-east-1:294277043425:loadbalancer/app/video-processor-alb/6e19d777870e8191",
            "mutual_authentication": [],
            "port": 80,
            "protocol": "HTTP",
            "routing_http_request_x_amzn_mtls_clientcert_header_name": null,
            "routing_http_request_x_amzn_mtls_clientcert_issuer_header_name": null,
            "routing_http_request_x_amzn_mtls_clientcert_leaf_header_name": null,
            "routing_http_request_x_amzn_mtls_clientcert_serial_number_header_name": null,
            "routing_http_request_x_amzn_mtls_clientcert_subject_header_name": null,
            "routing_http_request_x_amzn_mtls_clientcert_validity_header_name": null,
            "routing_http_request_x_amzn_tls_cipher_suite_header_name": null,
            "routing_http_request_x_amzn_tls_version_header_name": null,
            "routing_http_response_access_control_allow_credentials_header_value": "",
            "routing_http_response_access_control_allow_headers_header_value": "",
            "routing_http_response_access_control_allow_methods_header_value": "",
            "routing_http_response_access_control_allow_origin_header_value": "",
            "routing_http_response_access_control_expose_headers_header_value": "",
            "routing_http_response_access_control_max_age_header_value": "",
            "routing_http_response_content_security_policy_header_value": "",
            "routing_http_response_server_enabled": true,
            "routing_http_response_strict_transport_security_header_value": "",
            "routing_http_response_x_content_type_options_header_value": "",
            "routing_http_response_x_frame_options_header_value": "",
            "ssl_policy": "",
            "tags": null,
            "tags_all": {},
            "tcp_idle_timeout_seconds": null,
            "timeouts": null
          },
          "sensitive_attributes": [],
          "identity_schema_version": 0,
          "private": "eyJlMmJmYjczMC1lY2FhLTExZTYtOGY4OC0zNDM2M2JjN2M0YzAiOnsiY3JlYXRlIjozMDAwMDAwMDAwMDAsInVwZGF0ZSI6MzAwMDAwMDAwMDAwfX0=",
          "dependencies": [
            "aws_lb.app_alb",
            "aws_security_group.alb_sg",
            "data.aws_subnet.details",
            "data.aws_subnets.all",
            "data.aws_vpc.default"
          ]
        }
      ]
    },
    {
      "mode": "managed",
      "type": "aws_lb_listener_rule",
      "name": "allow_gateway",
      "provider": "provider[\"registry.terraform.io/hashicorp/aws\"]",
      "instances": [
        {
          "schema_version": 0,
          "attributes": {
            "action": [
              {
                "authenticate_cognito": [],
                "authenticate_oidc": [],
                "fixed_response": [],
                "forward": [],
                "order": 1,
                "redirect": [],
                "target_group_arn": "arn:aws:elasticloadbalancing:us-east-1:294277043425:targetgroup/video-processor-tg/bf10d4b4d56f312e",
                "type": "forward"
              }
            ],
            "arn": "arn:aws:elasticloadbalancing:us-east-1:294277043425:listener-rule/app/video-processor-alb/6e19d777870e8191/97d9f764b423da3a/6cf58d1b6a1e17ba",
            "condition": [
              {
                "host_header": [],
                "http_header": [
                  {
                    "http_header_name": "x-apigateway-token",
                    "values": [
                      "tech-challenge-hackathon"
                    ]
                  }
                ],
                "http_request_method": [],
                "path_pattern": [],
                "query_string": [],
                "source_ip": []
              }
            ],
            "id": "arn:aws:elasticloadbalancing:us-east-1:294277043425:listener-rule/app/video-processor-alb/6e19d777870e8191/97d9f764b423da3a/6cf58d1b6a1e17ba",
            "listener_arn": "arn:aws:elasticloadbalancing:us-east-1:294277043425:listener/app/video-processor-alb/6e19d777870e8191/97d9f764b423da3a",
            "priority": 100,
            "tags": null,
            "tags_all": {}
          },
          "sensitive_attributes": [],
          "identity_schema_version": 0,
          "private": "bnVsbA==",
          "dependencies": [
            "aws_lb.app_alb",
            "aws_lb_listener.http",
            "aws_lb_target_group.app_tg",
            "aws_security_group.alb_sg",
            "data.aws_subnet.details",
            "data.aws_subnets.all",
            "data.aws_vpc.default"
          ]
        }
      ]
    },
    {
      "mode": "managed",
      "type": "aws_lb_target_group",
      "name": "app_tg",
      "provider": "provider[\"registry.terraform.io/hashicorp/aws\"]",
      "instances": [
        {
          "schema_version": 0,
          "attributes": {
            "arn": "arn:aws:elasticloadbalancing:us-east-1:294277043425:targetgroup/video-processor-tg/bf10d4b4d56f312e",
            "arn_suffix": "targetgroup/video-processor-tg/bf10d4b4d56f312e",
            "connection_termination": null,
            "deregistration_delay": "300",
            "health_check": [
              {
                "enabled": true,
                "healthy_threshold": 2,
                "interval": 30,
                "matcher": "200",
                "path": "/health",
                "port": "traffic-port",
                "protocol": "HTTP",
                "timeout": 5,
                "unhealthy_threshold": 2
              }
            ],
            "id": "arn:aws:elasticloadbalancing:us-east-1:294277043425:targetgroup/video-processor-tg/bf10d4b4d56f312e",
            "ip_address_type": "ipv4",
            "lambda_multi_value_headers_enabled": false,
            "load_balancer_arns": [],
            "load_balancing_algorithm_type": "round_robin",
            "load_balancing_anomaly_mitigation": "off",
            "load_balancing_cross_zone_enabled": "use_load_balancer_configuration",
            "name": "video-processor-tg",
            "name_prefix": "",
            "port": 30008,
            "preserve_client_ip": null,
            "protocol": "HTTP",
            "protocol_version": "HTTP1",
            "proxy_protocol_v2": false,
            "slow_start": 0,
            "stickiness": [
              {
                "cookie_duration": 86400,
                "cookie_name": "",
                "enabled": false,
                "type": "lb_cookie"
              }
            ],
            "tags": {},
            "tags_all": {},
            "target_failover": [
              {
                "on_deregistration": null,
                "on_unhealthy": null
              }
            ],
            "target_group_health": [
              {
                "dns_failover": [
                  {
                    "minimum_healthy_targets_count": "1",
                    "minimum_healthy_targets_percentage": "off"
                  }
                ],
                "unhealthy_state_routing": [
                  {
                    "minimum_healthy_targets_count": 1,
                    "minimum_healthy_targets_percentage": "off"
                  }
                ]
              }
            ],
            "target_health_state": [
              {
                "enable_unhealthy_connection_termination": null,
                "unhealthy_draining_interval": null
              }
            ],
            "target_type": "instance",
            "vpc_id": "vpc-0d35c3426445fd4e7"
          },
          "sensitive_attributes": [],
          "identity_schema_version": 0,
          "private": "bnVsbA==",
          "dependencies": [
            "data.aws_vpc.default"
          ]
        }
      ]
    },
    {
      "mode": "managed",
      "type": "aws_security_group",
      "name": "alb_sg",
      "provider": "provider[\"registry.terraform.io/hashicorp/aws\"]",
      "instances": [
        {
          "schema_version": 1,
          "attributes": {
            "arn": "arn:aws:ec2:us-east-1:294277043425:security-group/sg-0474c53890f1b6502",
            "description": "Security group for ALB",
            "egress": [
              {
                "cidr_blocks": [
                  "0.0.0.0/0"
                ],
                "description": "",
                "from_port": 0,
                "ipv6_cidr_blocks": [],
                "prefix_list_ids": [],
                "protocol": "-1",
                "security_groups": [],
                "self": false,
                "to_port": 0
              }
            ],
            "id": "sg-0474c53890f1b6502",
            "ingress": [
              {
                "cidr_blocks": [
                  "0.0.0.0/0"
                ],
                "description": "",
                "from_port": 80,
                "ipv6_cidr_blocks": [],
                "prefix_list_ids": [],
                "protocol": "tcp",
                "security_groups": [],
                "self": false,
                "to_port": 80
              }
            ],
            "name": "video-processor-alb-sg",
            "name_prefix": "",
            "owner_id": "294277043425",
            "revoke_rules_on_delete": false,
            "tags": {
              "Project": "video-processor"
            },
            "tags_all": {
              "Project": "video-processor"
            },
            "timeouts": null,
            "vpc_id": "vpc-0d35c3426445fd4e7"
          },
          "sensitive_attributes": [],
          "identity_schema_version": 0,
          "private": "eyJlMmJmYjczMC1lY2FhLTExZTYtOGY4OC0zNDM2M2JjN2M0YzAiOnsiY3JlYXRlIjo2MDAwMDAwMDAwMDAsImRlbGV0ZSI6OTAwMDAwMDAwMDAwfSwic2NoZW1hX3ZlcnNpb24iOiIxIn0=",
          "dependencies": [
            "data.aws_vpc.default"
          ]
        }
      ]
    },
    {
      "mode": "managed",
      "type": "aws_security_group",
      "name": "eks_cluster",
      "provider": "provider[\"registry.terraform.io/hashicorp/aws\"]",
      "instances": [
        {
          "schema_version": 1,
          "attributes": {
            "arn": "arn:aws:ec2:us-east-1:294277043425:security-group/sg-05b5be6c486b2382b",
            "description": "Security group for EKS cluster",
            "egress": [
              {
                "cidr_blocks": [
                  "0.0.0.0/0"
                ],
                "description": "",
                "from_port": 0,
                "ipv6_cidr_blocks": [],
                "prefix_list_ids": [],
                "protocol": "-1",
                "security_groups": [],
                "self": false,
                "to_port": 0
              }
            ],
            "id": "sg-05b5be6c486b2382b",
            "ingress": [
              {
                "cidr_blocks": [
                  "172.31.0.0/16"
                ],
                "description": "",
                "from_port": 0,
                "ipv6_cidr_blocks": [],
                "prefix_list_ids": [],
                "protocol": "-1",
                "security_groups": [],
                "self": false,
                "to_port": 0
              },
              {
                "cidr_blocks": [],
                "description": "Allow ALB to access NodePort",
                "from_port": 30008,
                "ipv6_cidr_blocks": [],
                "prefix_list_ids": [],
                "protocol": "tcp",
                "security_groups": [
                  "sg-0474c53890f1b6502"
                ],
                "self": false,
                "to_port": 30008
              }
            ],
            "name": "video-processor-cluster-sg",
            "name_prefix": "",
            "owner_id": "294277043425",
            "revoke_rules_on_delete": false,
            "tags": {
              "Project": "video-processor"
            },
            "tags_all": {
              "Project": "video-processor"
            },
            "timeouts": null,
            "vpc_id": "vpc-0d35c3426445fd4e7"
          },
          "sensitive_attributes": [],
          "identity_schema_version": 0,
          "private": "eyJlMmJmYjczMC1lY2FhLTExZTYtOGY4OC0zNDM2M2JjN2M0YzAiOnsiY3JlYXRlIjo2MDAwMDAwMDAwMDAsImRlbGV0ZSI6OTAwMDAwMDAwMDAwfSwic2NoZW1hX3ZlcnNpb24iOiIxIn0=",
          "dependencies": [
            "aws_security_group.alb_sg",
            "data.aws_vpc.default"
          ]
        }
      ]
    },
    {
      "mode": "managed",
      "type": "kubernetes_config_map",
      "name": "app_config",
      "provider": "provider[\"registry.terraform.io/hashicorp/kubernetes\"]",
      "instances": [
        {
          "schema_version": 0,
          "attributes": {
            "binary_data": null,
            "data": {
              "API_SECURITY_INTERNAL_TOKEN": "tech-challenge-hackathon",
              "AWS_REGION": "us-east-1",
              "AWS_S3_BUCKET": "challenge-hackathon",
              "AWS_SQS_QUEUE_URL": "https://sqs.us-east-1.amazonaws.com/294277043425/challenge-hackathon",
              "LOG_LEVEL": "INFO",
              "NOTIFICATION_SERVICE_URL": "notification-service-alb-406245468.us-east-1.elb.amazonaws.com",
              "SERVER_PORT": "8000"
            },
            "id": "video-processor/video-processor-config",
            "immutable": false,
            "metadata": [
              {
                "annotations": null,
                "generate_name": "",
                "generation": 0,
                "labels": null,
                "name": "video-processor-config",
                "namespace": "video-processor",
                "resource_version": "1229",
                "uid": "70f2e307-da3c-4a71-ba14-c73ed6c49b8d"
              }
            ]
          },
          "sensitive_attributes": [],
          "identity_schema_version": 1,
          "identity": {
            "api_version": "v1",
            "kind": "ConfigMap",
            "name": "video-processor-config",
            "namespace": "video-processor"
          },
          "private": "bnVsbA==",
          "dependencies": [
            "aws_eks_cluster.main",
            "aws_eks_node_group.main",
            "aws_security_group.alb_sg",
            "aws_security_group.eks_cluster",
            "data.aws_caller_identity.current",
            "data.aws_eks_cluster_auth.cluster_auth",
            "data.aws_subnet.details",
            "data.aws_subnets.all",
            "data.aws_vpc.default",
            "kubernetes_namespace.app"
          ]
        }
      ]
    },
    {
      "mode": "managed",
      "type": "kubernetes_deployment",
      "name": "app",
      "provider": "provider[\"registry.terraform.io/hashicorp/kubernetes\"]",
      "instances": [
        {
          "schema_version": 1,
          "attributes": {
            "id": "video-processor/video-processor",
            "metadata": [
              {
                "annotations": null,
                "generate_name": "",
                "generation": 1,
                "labels": null,
                "name": "video-processor",
                "namespace": "video-processor",
                "resource_version": "1340",
                "uid": "274f3589-2d9d-4d12-ac5b-b445f2ca5fbc"
              }
            ],
            "spec": [
              {
                "min_ready_seconds": 0,
                "paused": false,
                "progress_deadline_seconds": 600,
                "replicas": "1",
                "revision_history_limit": 10,
                "selector": [
                  {
                    "match_expressions": [],
                    "match_labels": {
                      "app": "video-processor"
                    }
                  }
                ],
                "strategy": [
                  {
                    "rolling_update": [
                      {
                        "max_surge": "25%",
                        "max_unavailable": "25%"
                      }
                    ],
                    "type": "RollingUpdate"
                  }
                ],
                "template": [
                  {
                    "metadata": [
                      {
                        "annotations": null,
                        "generate_name": "",
                        "generation": 0,
                        "labels": {
                          "app": "video-processor"
                        },
                        "name": "",
                        "namespace": "",
                        "resource_version": "",
                        "uid": ""
                      }
                    ],
                    "spec": [
                      {
                        "active_deadline_seconds": 0,
                        "affinity": [],
                        "automount_service_account_token": true,
                        "container": [
                          {
                            "args": null,
                            "command": null,
                            "env": [
                              {
                                "name": "AWS_ACCESS_KEY_ID",
                                "value": "",
                                "value_from": [
                                  {
                                    "config_map_key_ref": [],
                                    "field_ref": [],
                                    "resource_field_ref": [],
                                    "secret_key_ref": [
                                      {
                                        "key": "AWS_ACCESS_KEY_ID",
                                        "name": "aws-credentials",
                                        "optional": false
                                      }
                                    ]
                                  }
                                ]
                              },
                              {
                                "name": "AWS_SECRET_ACCESS_KEY",
                                "value": "",
                                "value_from": [
                                  {
                                    "config_map_key_ref": [],
                                    "field_ref": [],
                                    "resource_field_ref": [],
                                    "secret_key_ref": [
                                      {
                                        "key": "AWS_SECRET_ACCESS_KEY",
                                        "name": "aws-credentials",
                                        "optional": false
                                      }
                                    ]
                                  }
                                ]
                              },
                              {
                                "name": "AWS_SESSION_TOKEN",
                                "value": "",
                                "value_from": [
                                  {
                                    "config_map_key_ref": [],
                                    "field_ref": [],
                                    "resource_field_ref": [],
                                    "secret_key_ref": [
                                      {
                                        "key": "AWS_SESSION_TOKEN",
                                        "name": "aws-credentials",
                                        "optional": false
                                      }
                                    ]
                                  }
                                ]
                              },
                              {
                                "name": "AWS_DEFAULT_REGION",
                                "value": "us-east-1",
                                "value_from": []
                              },
                              {
                                "name": "AWS_REGION",
                                "value": "us-east-1",
                                "value_from": []
                              }
                            ],
                            "env_from": [
                              {
                                "config_map_ref": [
                                  {
                                    "name": "video-processor-config",
                                    "optional": false
                                  }
                                ],
                                "prefix": "",
                                "secret_ref": []
                              }
                            ],
                            "image": "leynerbueno/video-processing-service:latest",
                            "image_pull_policy": "Always",
                            "lifecycle": [],
                            "liveness_probe": [
                              {
                                "exec": [],
                                "failure_threshold": 3,
                                "grpc": [],
                                "http_get": [
                                  {
                                    "host": "",
                                    "http_header": [],
                                    "path": "/health",
                                    "port": "8000",
                                    "scheme": "HTTP"
                                  }
                                ],
                                "initial_delay_seconds": 60,
                                "period_seconds": 10,
                                "success_threshold": 1,
                                "tcp_socket": [],
                                "timeout_seconds": 1
                              }
                            ],
                            "name": "video-processor",
                            "port": [
                              {
                                "container_port": 8000,
                                "host_ip": "",
                                "host_port": 0,
                                "name": "",
                                "protocol": "TCP"
                              }
                            ],
                            "readiness_probe": [
                              {
                                "exec": [],
                                "failure_threshold": 3,
                                "grpc": [],
                                "http_get": [
                                  {
                                    "host": "",
                                    "http_header": [],
                                    "path": "/health",
                                    "port": "8000",
                                    "scheme": "HTTP"
                                  }
                                ],
                                "initial_delay_seconds": 10,
                                "period_seconds": 5,
                                "success_threshold": 1,
                                "tcp_socket": [],
                                "timeout_seconds": 1
                              }
                            ],
                            "resources": [
                              {
                                "limits": {
                                  "cpu": "1",
                                  "memory": "2Gi"
                                },
                                "requests": {
                                  "cpu": "500m",
                                  "memory": "1Gi"
                                }
                              }
                            ],
                            "security_context": [],
                            "startup_probe": [],
                            "stdin": false,
                            "stdin_once": false,
                            "termination_message_path": "/dev/termination-log",
                            "termination_message_policy": "File",
                            "tty": false,
                            "volume_device": [],
                            "volume_mount": [],
                            "working_dir": ""
                          }
                        ],
                        "dns_config": [],
                        "dns_policy": "ClusterFirst",
                        "enable_service_links": true,
                        "host_aliases": [],
                        "host_ipc": false,
                        "host_network": false,
                        "host_pid": false,
                        "hostname": "",
                        "image_pull_secrets": [],
                        "init_container": [],
                        "node_name": "",
                        "node_selector": null,
                        "os": [],
                        "priority_class_name": "",
                        "readiness_gate": [],
                        "restart_policy": "Always",
                        "runtime_class_name": "",
                        "scheduler_name": "default-scheduler",
                        "security_context": [],
                        "service_account_name": "",
                        "share_process_namespace": false,
                        "subdomain": "",
                        "termination_grace_period_seconds": 30,
                        "toleration": [],
                        "topology_spread_constraint": [],
                        "volume": []
                      }
                    ]
                  }
                ]
              }
            ],
            "timeouts": null,
            "wait_for_rollout": true
          },
          "sensitive_attributes": [],
          "identity_schema_version": 1,
          "identity": {
            "api_version": "apps/v1",
            "kind": "Deployment",
            "name": "video-processor",
            "namespace": "video-processor"
          },
          "private": "eyJlMmJmYjczMC1lY2FhLTExZTYtOGY4OC0zNDM2M2JjN2M0YzAiOnsiY3JlYXRlIjo2MDAwMDAwMDAwMDAsImRlbGV0ZSI6NjAwMDAwMDAwMDAwLCJ1cGRhdGUiOjYwMDAwMDAwMDAwMH0sInNjaGVtYV92ZXJzaW9uIjoiMSJ9",
          "dependencies": [
            "aws_eks_cluster.main",
            "aws_eks_node_group.main",
            "aws_security_group.alb_sg",
            "aws_security_group.eks_cluster",
            "data.aws_caller_identity.current",
            "data.aws_eks_cluster_auth.cluster_auth",
            "data.aws_subnet.details",
            "data.aws_subnets.all",
            "data.aws_vpc.default",
            "kubernetes_config_map.app_config",
            "kubernetes_namespace.app",
            "kubernetes_secret.aws_credentials"
          ]
        }
      ]
    },
    {
      "mode": "managed",
      "type": "kubernetes_namespace",
      "name": "app",
      "provider": "provider[\"registry.terraform.io/hashicorp/kubernetes\"]",
      "instances": [
        {
          "schema_version": 0,
          "attributes": {
            "id": "video-processor",
            "metadata": [
              {
                "annotations": null,
                "generate_name": "",
                "generation": 0,
                "labels": null,
                "name": "video-processor",
                "resource_version": "1223",
                "uid": "18c3a7dd-3464-45b5-a042-747a057e5b28"
              }
            ],
            "timeouts": null,
            "wait_for_default_service_account": false
          },
          "sensitive_attributes": [],
          "identity_schema_version": 1,
          "identity": {
            "api_version": "v1",
            "kind": "Namespace",
            "name": "video-processor"
          },
          "private": "eyJlMmJmYjczMC1lY2FhLTExZTYtOGY4OC0zNDM2M2JjN2M0YzAiOnsiZGVsZXRlIjozMDAwMDAwMDAwMDB9fQ==",
          "dependencies": [
            "aws_eks_cluster.main",
            "aws_eks_node_group.main",
            "aws_security_group.alb_sg",
            "aws_security_group.eks_cluster",
            "data.aws_caller_identity.current",
            "data.aws_eks_cluster_auth.cluster_auth",
            "data.aws_subnet.details",
            "data.aws_subnets.all",
            "data.aws_vpc.default"
          ]
        }
      ]
    },
    {
      "mode": "managed",
      "type": "kubernetes_secret",
      "name": "aws_credentials",
      "provider": "provider[\"registry.terraform.io/hashicorp/kubernetes\"]",
      "instances": [
        {
          "schema_version": 0,
          "attributes": {
            "binary_data": null,
            "binary_data_wo": null,
            "binary_data_wo_revision": null,
            "data": {
              "AWS_ACCESS_KEY_ID": "ASIAUJBCHKTQ3T2CX5Q6",
              "AWS_SECRET_ACCESS_KEY": "6JtKu6harqvxeajOGXEEClQ04KOptfD4XShYKO43",
              "AWS_SESSION_TOKEN": "IQoJb3JpZ2luX2VjEPj//////////wEaCXVzLXdlc3QtMiJHMEUCIEPys8syD4E8qtPL7omgx0nSXRvCZV+RoK3Ek3SIpv2sAiEA6Z0aeF2WOvxVkiP9KRLLp3KCOYByaLFGW/zdidW9OpsqwQIIwf//////////ARABGgwyOTQyNzcwNDM0MjUiDKVH11mfZN5N8TU3DCqVAsWrxmVZJB12I5QHAiVm5RACSVcxqIjzSg4vH165y+fDr0q4I9MvdCJ6C0tHMOCQS5WFG6f6bGN48z4QgemKrSHsHYngZXAKBQHG9JHoTZ6Rkm4C8+HVr00Xx+MwAVyBZUD4jqlBCN4dkLyl2jvRqzglSOA6Pn+UbDULYmks/0BNhFyW0aPXsUT4IfbjThHzi4zIhMAYJoBEaKYgZrFXNOU1fi6ZJi8JujLVEYe0uCCwv+jTaXrQkYjN9v9ztmxzjIXghtICdA7XsxgwYh4+n+nGxcrz1WM4vDABkY3oPS33IpmGXhWP65n0+Tz66GzW+gdwj8qKheB17N1YXGDA96DHT9VPtosNzt18qVFqjP3DMg4fV/gw3Kj6ywY6nQHpPsig2ew3MGVsLD/VpXbmvmTIWKQR6i1GR+EHG7F20MZbjSIrinMFCBHJ71phs5i12ecajC92SE+0mosfbbkZ0qnEke/9u5KyWPom4TZa/3ZpIgjlXbv/UhdNliAu2dwz2bdf+LiwGynMzaCOXsLUulcLqpw0sHfGAYwLdzPIZi5fWibl08yqPop6XhUiHj5fctKCxxA8YdZ0JY4m"
            },
            "data_wo": null,
            "data_wo_revision": null,
            "id": "video-processor/aws-credentials",
            "immutable": false,
            "metadata": [
              {
                "annotations": null,
                "generate_name": "",
                "generation": 0,
                "labels": null,
                "name": "aws-credentials",
                "namespace": "video-processor",
                "resource_version": "1228",
                "uid": "460e180c-8de8-4ad7-a1f4-3e0d5712910b"
              }
            ],
            "timeouts": null,
            "type": "Opaque",
            "wait_for_service_account_token": true
          },
          "sensitive_attributes": [
            [
              {
                "type": "get_attr",
                "value": "binary_data"
              }
            ],
            [
              {
                "type": "get_attr",
                "value": "data"
              }
            ]
          ],
          "identity_schema_version": 1,
          "identity": {
            "api_version": "v1",
            "kind": "Secret",
            "name": "aws-credentials",
            "namespace": "video-processor"
          },
          "private": "eyJlMmJmYjczMC1lY2FhLTExZTYtOGY4OC0zNDM2M2JjN2M0YzAiOnsiY3JlYXRlIjo2MDAwMDAwMDAwMH19",
          "dependencies": [
            "aws_eks_cluster.main",
            "aws_eks_node_group.main",
            "aws_security_group.alb_sg",
            "aws_security_group.eks_cluster",
            "data.aws_caller_identity.current",
            "data.aws_eks_cluster_auth.cluster_auth",
            "data.aws_subnet.details",
            "data.aws_subnets.all",
            "data.aws_vpc.default",
            "kubernetes_namespace.app"
          ]
        }
      ]
    },
    {
      "mode": "managed",
      "type": "kubernetes_service",
      "name": "app",
      "provider": "provider[\"registry.terraform.io/hashicorp/kubernetes\"]",
      "instances": [
        {
          "schema_version": 1,
          "attributes": {
            "id": "video-processor/video-processor",
            "metadata": [
              {
                "annotations": null,
                "generate_name": "",
                "generation": 0,
                "labels": null,
                "name": "video-processor",
                "namespace": "video-processor",
                "resource_version": "1363",
                "uid": "20d98e1c-480c-4b04-8273-9f7420a272bc"
              }
            ],
            "spec": [
              {
                "allocate_load_balancer_node_ports": true,
                "cluster_ip": "10.100.4.13",
                "cluster_ips": [
                  "10.100.4.13"
                ],
                "external_ips": null,
                "external_name": "",
                "external_traffic_policy": "Cluster",
                "health_check_node_port": 0,
                "internal_traffic_policy": "Cluster",
                "ip_families": [
                  "IPv4"
                ],
                "ip_family_policy": "SingleStack",
                "load_balancer_class": "",
                "load_balancer_ip": "",
                "load_balancer_source_ranges": null,
                "port": [
                  {
                    "app_protocol": "",
                    "name": "",
                    "node_port": 30008,
                    "port": 80,
                    "protocol": "TCP",
                    "target_port": "8000"
                  }
                ],
                "publish_not_ready_addresses": false,
                "selector": {
                  "app": "video-processor"
                },
                "session_affinity": "None",
                "session_affinity_config": [],
                "type": "NodePort"
              }
            ],
            "status": [
              {
                "load_balancer": [
                  {
                    "ingress": []
                  }
                ]
              }
            ],
            "timeouts": null,
            "wait_for_load_balancer": true
          },
          "sensitive_attributes": [],
          "identity_schema_version": 1,
          "identity": {
            "api_version": "v1",
            "kind": "Service",
            "name": "video-processor",
            "namespace": "video-processor"
          },
          "private": "eyJlMmJmYjczMC1lY2FhLTExZTYtOGY4OC0zNDM2M2JjN2M0YzAiOnsiY3JlYXRlIjo2MDAwMDAwMDAwMDB9LCJzY2hlbWFfdmVyc2lvbiI6IjEifQ==",
          "dependencies": [
            "aws_eks_cluster.main",
            "aws_eks_node_group.main",
            "aws_security_group.alb_sg",
            "aws_security_group.eks_cluster",
            "data.aws_caller_identity.current",
            "data.aws_eks_cluster_auth.cluster_auth",
            "data.aws_subnet.details",
            "data.aws_subnets.all",
            "data.aws_vpc.default",
            "kubernetes_config_map.app_config",
            "kubernetes_deployment.app",
            "kubernetes_namespace.app",
            "kubernetes_secret.aws_credentials"
          ]
        }
      ]
    }
  ],
  "check_results": null
}
